
Microsoft Visual Studio Solution File, Format Version 12.00
# Visual Studio 15
VisualStudioVersion = 15.0.28307.539
MinimumVisualStudioVersion = 10.0.40219.1
Project("{FAE04EC0-301F-11D3-BF4B-00C04F79EFBC}") = "Consumer", "Consumer\Consumer.csproj", "{3F80E8EE-0D7A-4593-A048-9085BC4D320F}"
EndProject
Project("{FAE04EC0-301F-11D3-BF4B-00C04F79EFBC}") = "RabbitMQProvider", "RabbitMQService\RabbitMQProvider.csproj", "{D68A0188-2EC2-496A-98E6-9EBE8CEC3B6F}"
EndProject
Project("{FAE04EC0-301F-11D3-BF4B-00C04F79EFBC}") = "Producer", "Producer\Producer.csproj", "{B48AB4D2-3D9F-4CDD-9E61-CDBF8E71C7BC}"
EndProject
Global
	GlobalSection(SolutionConfigurationPlatforms) = preSolution
		Debug|Any CPU = Debug|Any CPU
		Release|Any CPU = Release|Any CPU
	EndGlobalSection
	GlobalSection(ProjectConfigurationPlatforms) = postSolution
		{3F80E8EE-0D7A-4593-A048-9085BC4D320F}.Debug|Any CPU.ActiveCfg = Debug|Any CPU
		{3F80E8EE-0D7A-4593-A048-9085BC4D320F}.Debug|Any CPU.Build.0 = Debug|Any CPU
		{3F80E8EE-0D7A-4593-A048-9085BC4D320F}.Release|Any CPU.ActiveCfg = Release|Any CPU
		{3F80E8EE-0D7A-4593-A048-9085BC4D320F}.Release|Any CPU.Build.0 = Release|Any CPU
		{D68A0188-2EC2-496A-98E6-9EBE8CEC3B6F}.Debug|Any CPU.ActiveCfg = Debug|Any CPU
		{D68A0188-2EC2-496A-98E6-9EBE8CEC3B6F}.Debug|Any CPU.Build.0 = Debug|Any CPU
		{D68A0188-2EC2-496A-98E6-9EBE8CEC3B6F}.Release|Any CPU.ActiveCfg = Release|Any CPU
		{D68A0188-2EC2-496A-98E6-9EBE8CEC3B6F}.Release|Any CPU.Build.0 = Release|Any CPU
		{B48AB4D2-3D9F-4CDD-9E61-CDBF8E71C7BC}.Debug|Any CPU.ActiveCfg = Debug|Any CPU
		{B48AB4D2-3D9F-4CDD-9E61-CDBF8E71C7BC}.Debug|Any CPU.Build.0 = Debug|Any CPU
		{B48AB4D2-3D9F-4CDD-9E61-CDBF8E71C7BC}.Release|Any CPU.ActiveCfg = Release|Any CPU
		{B48AB4D2-3D9F-4CDD-9E61-CDBF8E71C7BC}.Release|Any CPU.Build.0 = Release|Any CPU
	EndGlobalSection
	GlobalSection(SolutionProperties) = preSolution
		HideSolutionNode = FALSE
	EndGlobalSection
	GlobalSection(ExtensibilityGlobals) = postSolution
		SolutionGuid = {773F0260-4950-4468-B145-ED7BC5FFBB3D}
	EndGlobalSection
EndGlobal
